
Microsoft Visual Studio Solution File, Format Version 12.00
# Visual Studio Version 17
VisualStudioVersion = 17.4.33205.214
MinimumVisualStudioVersion = 10.0.40219.1
Project("{9A19103F-16F7-4668-BE54-9A1E7A4F7556}") = "DueDoom", "DueDoom\DueDoom.csproj", "{4D10937D-5C94-457C-9D8D-13D09AECC60F}"
EndProject
Global
	GlobalSection(SolutionConfigurationPlatforms) = preSolution
		Debug|Any CPU = Debug|Any CPU
		Release|Any CPU = Release|Any CPU
	EndGlobalSection
	GlobalSection(ProjectConfigurationPlatforms) = postSolution
		{4D10937D-5C94-457C-9D8D-13D09AECC60F}.Debug|Any CPU.ActiveCfg = Debug|Any CPU
		{4D10937D-5C94-457C-9D8D-13D09AECC60F}.Debug|Any CPU.Build.0 = Debug|Any CPU
		{4D10937D-5C94-457C-9D8D-13D09AECC60F}.Release|Any CPU.ActiveCfg = Release|Any CPU
		{4D10937D-5C94-457C-9D8D-13D09AECC60F}.Release|Any CPU.Build.0 = Release|Any CPU
	EndGlobalSection
	GlobalSection(SolutionProperties) = preSolution
		HideSolutionNode = FALSE
	EndGlobalSection
	GlobalSection(ExtensibilityGlobals) = postSolution
		SolutionGuid = {83B0774E-AC97-45D3-AEC9-47B1F9B6C560}
	EndGlobalSection
EndGlobal
