
Microsoft Visual Studio Solution File, Format Version 12.00
# Visual Studio Version 17
VisualStudioVersion = 17.4.33205.214
MinimumVisualStudioVersion = 10.0.40219.1
Project("{FAE04EC0-301F-11D3-BF4B-00C04F79EFBC}") = "SHT31", "SHT31\SHT31.csproj", "{878E29FD-B660-4AFF-853C-0B6E8A41EB20}"
EndProject
Global
	GlobalSection(SolutionConfigurationPlatforms) = preSolution
		Debug|Any CPU = Debug|Any CPU
		Release|Any CPU = Release|Any CPU
	EndGlobalSection
	GlobalSection(ProjectConfigurationPlatforms) = postSolution
		{878E29FD-B660-4AFF-853C-0B6E8A41EB20}.Debug|Any CPU.ActiveCfg = Debug|Any CPU
		{878E29FD-B660-4AFF-853C-0B6E8A41EB20}.Debug|Any CPU.Build.0 = Debug|Any CPU
		{878E29FD-B660-4AFF-853C-0B6E8A41EB20}.Release|Any CPU.ActiveCfg = Release|Any CPU
		{878E29FD-B660-4AFF-853C-0B6E8A41EB20}.Release|Any CPU.Build.0 = Release|Any CPU
	EndGlobalSection
	GlobalSection(SolutionProperties) = preSolution
		HideSolutionNode = FALSE
	EndGlobalSection
	GlobalSection(ExtensibilityGlobals) = postSolution
		SolutionGuid = {37F74BDE-C713-4CBF-ACF8-3BF7C891E977}
	EndGlobalSection
EndGlobal
