
Microsoft Visual Studio Solution File, Format Version 12.00
# Visual Studio Version 17
VisualStudioVersion = 17.4.33205.214
MinimumVisualStudioVersion = 10.0.40219.1
Project("{FAE04EC0-301F-11D3-BF4B-00C04F79EFBC}") = "MMC5603NJ", "MMC5603NJ\MMC5603NJ.csproj", "{F9553762-073B-4309-A62E-99B89D281D9D}"
EndProject
Global
	GlobalSection(SolutionConfigurationPlatforms) = preSolution
		Debug|Any CPU = Debug|Any CPU
		Release|Any CPU = Release|Any CPU
	EndGlobalSection
	GlobalSection(ProjectConfigurationPlatforms) = postSolution
		{F9553762-073B-4309-A62E-99B89D281D9D}.Debug|Any CPU.ActiveCfg = Debug|Any CPU
		{F9553762-073B-4309-A62E-99B89D281D9D}.Debug|Any CPU.Build.0 = Debug|Any CPU
		{F9553762-073B-4309-A62E-99B89D281D9D}.Release|Any CPU.ActiveCfg = Release|Any CPU
		{F9553762-073B-4309-A62E-99B89D281D9D}.Release|Any CPU.Build.0 = Release|Any CPU
	EndGlobalSection
	GlobalSection(SolutionProperties) = preSolution
		HideSolutionNode = FALSE
	EndGlobalSection
	GlobalSection(ExtensibilityGlobals) = postSolution
		SolutionGuid = {627AE2DF-3CB6-4D24-9D41-149B20099096}
	EndGlobalSection
EndGlobal
