
Microsoft Visual Studio Solution File, Format Version 12.00
# Visual Studio Version 17
VisualStudioVersion = 17.4.33205.214
MinimumVisualStudioVersion = 10.0.40219.1
Project("{9A19103F-16F7-4668-BE54-9A1E7A4F7556}") = "LM358", "LM358\LM358.csproj", "{AD1979D2-72FF-4315-B002-C15647EA8D1A}"
EndProject
Global
	GlobalSection(SolutionConfigurationPlatforms) = preSolution
		Debug|Any CPU = Debug|Any CPU
		Release|Any CPU = Release|Any CPU
	EndGlobalSection
	GlobalSection(ProjectConfigurationPlatforms) = postSolution
		{AD1979D2-72FF-4315-B002-C15647EA8D1A}.Debug|Any CPU.ActiveCfg = Debug|Any CPU
		{AD1979D2-72FF-4315-B002-C15647EA8D1A}.Debug|Any CPU.Build.0 = Debug|Any CPU
		{AD1979D2-72FF-4315-B002-C15647EA8D1A}.Release|Any CPU.ActiveCfg = Release|Any CPU
		{AD1979D2-72FF-4315-B002-C15647EA8D1A}.Release|Any CPU.Build.0 = Release|Any CPU
	EndGlobalSection
	GlobalSection(SolutionProperties) = preSolution
		HideSolutionNode = FALSE
	EndGlobalSection
	GlobalSection(ExtensibilityGlobals) = postSolution
		SolutionGuid = {D81553E3-C7E3-450E-9216-31330D867E35}
	EndGlobalSection
EndGlobal
