
Microsoft Visual Studio Solution File, Format Version 12.00
# Visual Studio Version 17
VisualStudioVersion = 17.4.33205.214
MinimumVisualStudioVersion = 10.0.40219.1
Project("{FAE04EC0-301F-11D3-BF4B-00C04F79EFBC}") = "InkyBit", "InkyBit\InkyBit.csproj", "{78B71827-CBE4-4186-8A05-B638AC8D08BA}"
EndProject
Global
	GlobalSection(SolutionConfigurationPlatforms) = preSolution
		Debug|Any CPU = Debug|Any CPU
		Release|Any CPU = Release|Any CPU
	EndGlobalSection
	GlobalSection(ProjectConfigurationPlatforms) = postSolution
		{78B71827-CBE4-4186-8A05-B638AC8D08BA}.Debug|Any CPU.ActiveCfg = Debug|Any CPU
		{78B71827-CBE4-4186-8A05-B638AC8D08BA}.Debug|Any CPU.Build.0 = Debug|Any CPU
		{78B71827-CBE4-4186-8A05-B638AC8D08BA}.Release|Any CPU.ActiveCfg = Release|Any CPU
		{78B71827-CBE4-4186-8A05-B638AC8D08BA}.Release|Any CPU.Build.0 = Release|Any CPU
	EndGlobalSection
	GlobalSection(SolutionProperties) = preSolution
		HideSolutionNode = FALSE
	EndGlobalSection
	GlobalSection(ExtensibilityGlobals) = postSolution
		SolutionGuid = {BC306DA0-3FEB-4774-8F36-F516FA947968}
	EndGlobalSection
EndGlobal
